// !$*UTF8*$!
{
	archiveVersion = 1;
	classes = {
	};
	objectVersion = 50;
	objects = {

/* Begin PBXBuildFile section */
		C405D9F624D49BEF00F8B9CA /* AppDelegate.swift in Sources */ = {isa = PBXBuildFile; fileRef = C405D9F524D49BEF00F8B9CA /* AppDelegate.swift */; };
		C405D9F824D49BEF00F8B9CA /* SceneDelegate.swift in Sources */ = {isa = PBXBuildFile; fileRef = C405D9F724D49BEF00F8B9CA /* SceneDelegate.swift */; };
		C405D9FA24D49BEF00F8B9CA /* ViewController.swift in Sources */ = {isa = PBXBuildFile; fileRef = C405D9F924D49BEF00F8B9CA /* ViewController.swift */; };
		C405D9FD24D49BEF00F8B9CA /* Main.storyboard in Resources */ = {isa = PBXBuildFile; fileRef = C405D9FB24D49BEF00F8B9CA /* Main.storyboard */; };
		C405D9FF24D49BF100F8B9CA /* Assets.xcassets in Resources */ = {isa = PBXBuildFile; fileRef = C405D9FE24D49BF100F8B9CA /* Assets.xcassets */; };
		C405DA0224D49BF100F8B9CA /* LaunchScreen.storyboard in Resources */ = {isa = PBXBuildFile; fileRef = C405DA0024D49BF100F8B9CA /* LaunchScreen.storyboard */; };
		C46E661024D620FA00E37BDF /* MaskableView.swift in Sources */ = {isa = PBXBuildFile; fileRef = C46E660F24D620F900E37BDF /* MaskableView.swift */; };
/* End PBXBuildFile section */

/* Begin PBXFileReference section */
		C405D9F224D49BEF00F8B9CA /* Masking.app */ = {isa = PBXFileReference; explicitFileType = wrapper.application; includeInIndex = 0; path = Masking.app; sourceTree = BUILT_PRODUCTS_DIR; };
		C405D9F524D49BEF00F8B9CA /* AppDelegate.swift */ = {isa = PBXFileReference; lastKnownFileType = sourcecode.swift; path = AppDelegate.swift; sourceTree = "<group>"; };
		C405D9F724D49BEF00F8B9CA /* SceneDelegate.swift */ = {isa = PBXFileReference; lastKnownFileType = sourcecode.swift; path = SceneDelegate.swift; sourceTree = "<group>"; };
		C405D9F924D49BEF00F8B9CA /* ViewController.swift */ = {isa = PBXFileReference; lastKnownFileType = sourcecode.swift; path = ViewController.swift; sourceTree = "<group>"; };
		C405D9FC24D49BEF00F8B9CA /* Base */ = {isa = PBXFileReference; lastKnownFileType = file.storyboard; name = Base; path = Base.lproj/Main.storyboard; sourceTree = "<group>"; };
		C405D9FE24D49BF100F8B9CA /* Assets.xcassets */ = {isa = PBXFileReference; lastKnownFileType = folder.assetcatalog; path = Assets.xcassets; sourceTree = "<group>"; };
		C405DA0124D49BF100F8B9CA /* Base */ = {isa = PBXFileReference; lastKnownFileType = file.storyboard; name = Base; path = Base.lproj/LaunchScreen.storyboard; sourceTree = "<group>"; };
		C405DA0324D49BF100F8B9CA /* Info.plist */ = {isa = PBXFileReference; lastKnownFileType = text.plist.xml; path = Info.plist; sourceTree = "<group>"; };
		C46E660F24D620F900E37BDF /* MaskableView.swift */ = {isa = PBXFileReference; lastKnownFileType = sourcecode.swift; path = MaskableView.swift; sourceTree = "<group>"; };
/* End PBXFileReference section */

/* Begin PBXFrameworksBuildPhase section */
		C405D9EF24D49BEF00F8B9CA /* Frameworks */ = {
			isa = PBXFrameworksBuildPhase;
			buildActionMask = 2147483647;
			files = (
			);
			runOnlyForDeploymentPostprocessing = 0;
		};
/* End PBXFrameworksBuildPhase section */

/* Begin PBXGroup section */
		C405D9E924D49BEF00F8B9CA = {
			isa = PBXGroup;
			children = (
				C405D9F424D49BEF00F8B9CA /* Masking */,
				C405D9F324D49BEF00F8B9CA /* Products */,
			);
			sourceTree = "<group>";
		};
		C405D9F324D49BEF00F8B9CA /* Products */ = {
			isa = PBXGroup;
			children = (
				C405D9F224D49BEF00F8B9CA /* Masking.app */,
			);
			name = Products;
			sourceTree = "<group>";
		};
		C405D9F424D49BEF00F8B9CA /* Masking */ = {
			isa = PBXGroup;
			children = (
				C405D9F524D49BEF00F8B9CA /* AppDelegate.swift */,
				C405D9F724D49BEF00F8B9CA /* SceneDelegate.swift */,
				C405D9F924D49BEF00F8B9CA /* ViewController.swift */,
				C46E660F24D620F900E37BDF /* MaskableView.swift */,
				C405D9FB24D49BEF00F8B9CA /* Main.storyboard */,
				C405D9FE24D49BF100F8B9CA /* Assets.xcassets */,
				C405DA0024D49BF100F8B9CA /* LaunchScreen.storyboard */,
				C405DA0324D49BF100F8B9CA /* Info.plist */,
			);
			path = Masking;
			sourceTree = "<group>";
		};
/* End PBXGroup section */

/* Begin PBXNativeTarget section */
		C405D9F124D49BEF00F8B9CA /* Masking */ = {
			isa = PBXNativeTarget;
			buildConfigurationList = C405DA0624D49BF100F8B9CA /* Build configuration list for PBXNativeTarget "Masking" */;
			buildPhases = (
				C405D9EE24D49BEF00F8B9CA /* Sources */,
				C405D9EF24D49BEF00F8B9CA /* Frameworks */,
				C405D9F024D49BEF00F8B9CA /* Resources */,
			);
			buildRules = (
			);
			dependencies = (
			);
			name = Masking;
			productName = Masking;
			productReference = C405D9F224D49BEF00F8B9CA /* Masking.app */;
			productType = "com.apple.product-type.application";
		};
/* End PBXNativeTarget section */

/* Begin PBXProject section */
		C405D9EA24D49BEF00F8B9CA /* Project object */ = {
			isa = PBXProject;
			attributes = {
				LastSwiftUpdateCheck = 1200;
				LastUpgradeCheck = 1200;
				TargetAttributes = {
					C405D9F124D49BEF00F8B9CA = {
						CreatedOnToolsVersion = 12.0;
					};
				};
			};
			buildConfigurationList = C405D9ED24D49BEF00F8B9CA /* Build configuration list for PBXProject "Masking" */;
			compatibilityVersion = "Xcode 9.3";
			developmentRegion = en;
			hasScannedForEncodings = 0;
			knownRegions = (
				en,
				Base,
			);
			mainGroup = C405D9E924D49BEF00F8B9CA;
			productRefGroup = C405D9F324D49BEF00F8B9CA /* Products */;
			projectDirPath = "";
			projectRoot = "";
			targets = (
				C405D9F124D49BEF00F8B9CA /* Masking */,
			);
		};
/* End PBXProject section */

/* Begin PBXResourcesBuildPhase section */
		C405D9F024D49BEF00F8B9CA /* Resources */ = {
			isa = PBXResourcesBuildPhase;
			buildActionMask = 2147483647;
			files = (
				C405DA0224D49BF100F8B9CA /* LaunchScreen.storyboard in Resources */,
				C405D9FF24D49BF100F8B9CA /* Assets.xcassets in Resources */,
				C405D9FD24D49BEF00F8B9CA /* Main.storyboard in Resources */,
			);
			runOnlyForDeploymentPostprocessing = 0;
		};
/* End PBXResourcesBuildPhase section */

/* Begin PBXSourcesBuildPhase section */
		C405D9EE24D49BEF00F8B9CA /* Sources */ = {
			isa = PBXSourcesBuildPhase;
			buildActionMask = 2147483647;
			files = (
				C46E661024D620FA00E37BDF /* MaskableView.swift in Sources */,
				C405D9FA24D49BEF00F8B9CA /* ViewController.swift in Sources */,
				C405D9F624D49BEF00F8B9CA /* AppDelegate.swift in Sources */,
				C405D9F824D49BEF00F8B9CA /* SceneDelegate.swift in Sources */,
			);
			runOnlyForDeploymentPostprocessing = 0;
		};
/* End PBXSourcesBuildPhase section */

/* Begin PBXVariantGroup section */
		C405D9FB24D49BEF00F8B9CA /* Main.storyboard */ = {
			isa = PBXVariantGroup;
			children = (
				C405D9FC24D49BEF00F8B9CA /* Base */,
			);
			name = Main.storyboard;
			sourceTree = "<group>";
		};
		C405DA0024D49BF100F8B9CA /* LaunchScreen.storyboard */ = {
			isa = PBXVariantGroup;
			children = (
				C405DA0124D49BF100F8B9CA /* Base */,
			);
			name = LaunchScreen.storyboard;
			sourceTree = "<group>";
		};
/* End PBXVariantGroup section */

/* Begin XCBuildConfiguration section */
		C405DA0424D49BF100F8B9CA /* Debug */ = {
			isa = XCBuildConfiguration;
			buildSettings = {
				ALWAYS_SEARCH_USER_PATHS = NO;
				CLANG_ANALYZER_NONNULL = YES;
				CLANG_ANALYZER_NUMBER_OBJECT_CONVERSION = YES_AGGRESSIVE;
				CLANG_CXX_LANGUAGE_STANDARD = "gnu++14";
				CLANG_CXX_LIBRARY = "libc++";
				CLANG_ENABLE_MODULES = YES;
				CLANG_ENABLE_OBJC_ARC = YES;
				CLANG_ENABLE_OBJC_WEAK = YES;
				CLANG_WARN_BLOCK_CAPTURE_AUTORELEASING = YES;
				CLANG_WARN_BOOL_CONVERSION = YES;
				CLANG_WARN_COMMA = YES;
				CLANG_WARN_CONSTANT_CONVERSION = YES;
				CLANG_WARN_DEPRECATED_OBJC_IMPLEMENTATIONS = YES;
				CLANG_WARN_DIRECT_OBJC_ISA_USAGE = YES_ERROR;
				CLANG_WARN_DOCUMENTATION_COMMENTS = YES;
				CLANG_WARN_EMPTY_BODY = YES;
				CLANG_WARN_ENUM_CONVERSION = YES;
				CLANG_WARN_INFINITE_RECURSION = YES;
				CLANG_WARN_INT_CONVERSION = YES;
				CLANG_WARN_NON_LITERAL_NULL_CONVERSION = YES;
				CLANG_WARN_OBJC_IMPLICIT_RETAIN_SELF = YES;
				CLANG_WARN_OBJC_LITERAL_CONVERSION = YES;
				CLANG_WARN_OBJC_ROOT_CLASS = YES_ERROR;
				CLANG_WARN_QUOTED_INCLUDE_IN_FRAMEWORK_HEADER = YES;
				CLANG_WARN_RANGE_LOOP_ANALYSIS = YES;
				CLANG_WARN_STRICT_PROTOTYPES = YES;
				CLANG_WARN_SUSPICIOUS_MOVE = YES;
				CLANG_WARN_UNGUARDED_AVAILABILITY = YES_AGGRESSIVE;
				CLANG_WARN_UNREACHABLE_CODE = YES;
				CLANG_WARN__DUPLICATE_METHOD_MATCH = YES;
				COPY_PHASE_STRIP = NO;
				DEBUG_INFORMATION_FORMAT = dwarf;
				ENABLE_STRICT_OBJC_MSGSEND = YES;
				ENABLE_TESTABILITY = YES;
				GCC_C_LANGUAGE_STANDARD = gnu11;
				GCC_DYNAMIC_NO_PIC = NO;
				GCC_NO_COMMON_BLOCKS = YES;
				GCC_OPTIMIZATION_LEVEL = 0;
				GCC_PREPROCESSOR_DEFINITIONS = (
					"DEBUG=1",
					"$(inherited)",
				);
				GCC_WARN_64_TO_32_BIT_CONVERSION = YES;
				GCC_WARN_ABOUT_RETURN_TYPE = YES_ERROR;
				GCC_WARN_UNDECLARED_SELECTOR = YES;
				GCC_WARN_UNINITIALIZED_AUTOS = YES_AGGRESSIVE;
				GCC_WARN_UNUSED_FUNCTION = YES;
				GCC_WARN_UNUSED_VARIABLE = YES;
				IPHONEOS_DEPLOYMENT_TARGET = 14.0;
				MTL_ENABLE_DEBUG_INFO = INCLUDE_SOURCE;
				MTL_FAST_MATH = YES;
				ONLY_ACTIVE_ARCH = YES;
				SDKROOT = iphoneos;
				SWIFT_ACTIVE_COMPILATION_CONDITIONS = DEBUG;
				SWIFT_OPTIMIZATION_LEVEL = "-Onone";
			};
			name = Debug;
		};
		C405DA0524D49BF100F8B9CA /* Release */ = {
			isa = XCBuildConfiguration;
			buildSettings = {
				ALWAYS_SEARCH_USER_PATHS = NO;
				CLANG_ANALYZER_NONNULL = YES;
				CLANG_ANALYZER_NUMBER_OBJECT_CONVERSION = YES_AGGRESSIVE;
				CLANG_CXX_LANGUAGE_STANDARD = "gnu++14";
				CLANG_CXX_LIBRARY = "libc++";
				CLANG_ENABLE_MODULES = YES;
				CLANG_ENABLE_OBJC_ARC = YES;
				CLANG_ENABLE_OBJC_WEAK = YES;
				CLANG_WARN_BLOCK_CAPTURE_AUTORELEASING = YES;
				CLANG_WARN_BOOL_CONVERSION = YES;
				CLANG_WARN_COMMA = YES;
				CLANG_WARN_CONSTANT_CONVERSION = YES;
				CLANG_WARN_DEPRECATED_OBJC_IMPLEMENTATIONS = YES;
				CLANG_WARN_DIRECT_OBJC_ISA_USAGE = YES_ERROR;
				CLANG_WARN_DOCUMENTATION_COMMENTS = YES;
				CLANG_WARN_EMPTY_BODY = YES;
				CLANG_WARN_ENUM_CONVERSION = YES;
				CLANG_WARN_INFINITE_RECURSION = YES;
				CLANG_WARN_INT_CONVERSION = YES;
				CLANG_WARN_NON_LITERAL_NULL_CONVERSION = YES;
				CLANG_WARN_OBJC_IMPLICIT_RETAIN_SELF = YES;
				CLANG_WARN_OBJC_LITERAL_CONVERSION = YES;
				CLANG_WARN_OBJC_ROOT_CLASS = YES_ERROR;
				CLANG_WARN_QUOTED_INCLUDE_IN_FRAMEWORK_HEADER = YES;
				CLANG_WARN_RANGE_LOOP_ANALYSIS = YES;
				CLANG_WARN_STRICT_PROTOTYPES = YES;
				CLANG_WARN_SUSPICIOUS_MOVE = YES;
				CLANG_WARN_UNGUARDED_AVAILABILITY = YES_AGGRESSIVE;
				CLANG_WARN_UNREACHABLE_CODE = YES;
				CLANG_WARN__DUPLICATE_METHOD_MATCH = YES;
				COPY_PHASE_STRIP = NO;
				DEBUG_INFORMATION_FORMAT = "dwarf-with-dsym";
				ENABLE_NS_ASSERTIONS = NO;
				ENABLE_STRICT_OBJC_MSGSEND = YES;
				GCC_C_LANGUAGE_STANDARD = gnu11;
				GCC_NO_COMMON_BLOCKS = YES;
				GCC_WARN_64_TO_32_BIT_CONVERSION = YES;
				GCC_WARN_ABOUT_RETURN_TYPE = YES_ERROR;
				GCC_WARN_UNDECLARED_SELECTOR = YES;
				GCC_WARN_UNINITIALIZED_AUTOS = YES_AGGRESSIVE;
				GCC_WARN_UNUSED_FUNCTION = YES;
				GCC_WARN_UNUSED_VARIABLE = YES;
				IPHONEOS_DEPLOYMENT_TARGET = 14.0;
				MTL_ENABLE_DEBUG_INFO = NO;
				MTL_FAST_MATH = YES;
				SDKROOT = iphoneos;
				SWIFT_COMPILATION_MODE = wholemodule;
				SWIFT_OPTIMIZATION_LEVEL = "-O";
				VALIDATE_PRODUCT = YES;
			};
			name = Release;
		};
		C405DA0724D49BF100F8B9CA /* Debug */ = {
			isa = XCBuildConfiguration;
			buildSettings = {
				ASSETCATALOG_COMPILER_APPICON_NAME = AppIcon;
				ASSETCATALOG_COMPILER_GLOBAL_ACCENT_COLOR_NAME = AccentColor;
				CODE_SIGN_STYLE = Automatic;
				INFOPLIST_FILE = Masking/Info.plist;
				IPHONEOS_DEPLOYMENT_TARGET = 13.0;
				LD_RUNPATH_SEARCH_PATHS = (
					"$(inherited)",
					"@executable_path/Frameworks",
				);
				PRODUCT_BUNDLE_IDENTIFIER = com.chenzook.Masking;
				PRODUCT_NAME = "$(TARGET_NAME)";
				SWIFT_VERSION = 5.0;
				TARGETED_DEVICE_FAMILY = "1,2";
			};
			name = Debug;
		};
		C405DA0824D49BF100F8B9CA /* Release */ = {
			isa = XCBuildConfiguration;
			buildSettings = {
				ASSETCATALOG_COMPILER_APPICON_NAME = AppIcon;
				ASSETCATALOG_COMPILER_GLOBAL_ACCENT_COLOR_NAME = AccentColor;
				CODE_SIGN_STYLE = Automatic;
				INFOPLIST_FILE = Masking/Info.plist;
				IPHONEOS_DEPLOYMENT_TARGET = 13.0;
				LD_RUNPATH_SEARCH_PATHS = (
					"$(inherited)",
					"@executable_path/Frameworks",
				);
				PRODUCT_BUNDLE_IDENTIFIER = com.chenzook.Masking;
				PRODUCT_NAME = "$(TARGET_NAME)";
				SWIFT_VERSION = 5.0;
				TARGETED_DEVICE_FAMILY = "1,2";
			};
			name = Release;
		};
/* End XCBuildConfiguration section */

/* Begin XCConfigurationList section */
		C405D9ED24D49BEF00F8B9CA /* Build configuration list for PBXProject "Masking" */ = {
			isa = XCConfigurationList;
			buildConfigurations = (
				C405DA0424D49BF100F8B9CA /* Debug */,
				C405DA0524D49BF100F8B9CA /* Release */,
			);
			defaultConfigurationIsVisible = 0;
			defaultConfigurationName = Release;
		};
		C405DA0624D49BF100F8B9CA /* Build configuration list for PBXNativeTarget "Masking" */ = {
			isa = XCConfigurationList;
			buildConfigurations = (
				C405DA0724D49BF100F8B9CA /* Debug */,
				C405DA0824D49BF100F8B9CA /* Release */,
			);
			defaultConfigurationIsVisible = 0;
			defaultConfigurationName = Release;
		};
/* End XCConfigurationList section */
	};
	rootObject = C405D9EA24D49BEF00F8B9CA /* Project object */;
}
